{
  "name": "codex-task-control-tower",
  "version": "0.3.4",
  "lockfileVersion": 3,
  "requires": true,
  "packages": {
    "": {
      "name": "codex-task-control-tower",
      "version": "0.3.4",
      "license": "MIT",
      "bin": {
        "codex-control-tower": "bin/control-tower.mjs"
      },
      "engines": {
        "node": ">=18"
      }
    }
  }
}
